PODS:
  - EZAudio (1.1.5):
    - EZAudio/Full (= 1.1.5)
  - EZAudio/Core (1.1.5)
  - EZAudio/Full (1.1.5):
    - EZAudio/Core
    - TPCircularBuffer (= 1.1)
  - TPCircularBuffer (1.1)

DEPENDENCIES:
  - EZAudio (from `https://github.com/rednebmas/EZAudio.git`)

EXTERNAL SOURCES:
  EZAudio:
    :git: https://github.com/rednebmas/EZAudio.git

CHECKOUT OPTIONS:
  EZAudio:
    :commit: 217eb92c38bca97d4726bab733f153ed9f8da7f5
    :git: https://github.com/rednebmas/EZAudio.git

SPEC CHECKSUMS:
  EZAudio: 3b1cb4b6d7ebca68f0c2478576d75940aad4aa99
  TPCircularBuffer: 4960a919e667280f7f38963d771f45871b64fe62

PODFILE CHECKSUM: 29d10b5dcebc6d979c2b1a973bdbd176b7cdea85

COCOAPODS: 1.1.0.rc.3
