// !$*UTF8*$!
{
	archiveVersion = 1;
	classes = {
	};
	objectVersion = 46;
	objects = {

/* Begin PBXBuildFile section */
		22FB65831CA4C07600185053 /* SBMusicUtilities.h in Headers */ = {isa = PBXBuildFile; fileRef = 22FB65821CA4C07600185053 /* SBMusicUtilities.h */; settings = {ATTRIBUTES = (Public, ); }; };
		808D33CC18E5E3A1E9CB9AAD /* libPods-SBMusicUtilities.a in Frameworks */ = {isa = PBXBuildFile; fileRef = 9C5BD9BAA100FB8156EF5BD2 /* libPods-SBMusicUtilities.a */; };
/* End PBXBuildFile section */

/* Begin PBXFileReference section */
		12F7B7D51174FEC03EE88CCA /* Pods-SBMusicUtilities.debug.xcconfig */ = {isa = PBXFileReference; includeInIndex = 1; lastKnownFileType = text.xcconfig; name = "Pods-SBMusicUtilities.debug.xcconfig"; path = "Pods/Target Support Files/Pods-SBMusicUtilities/Pods-SBMusicUtilities.debug.xcconfig"; sourceTree = "<group>"; };
		22FB657F1CA4C07600185053 /* SBMusicUtilities.framework */ = {isa = PBXFileReference; explicitFileType = wrapper.framework; includeInIndex = 0; path = SBMusicUtilities.framework; sourceTree = BUILT_PRODUCTS_DIR; };
		22FB65821CA4C07600185053 /* SBMusicUtilities.h */ = {isa = PBXFileReference; lastKnownFileType = sourcecode.c.h; path = SBMusicUtilities.h; sourceTree = "<group>"; };
		22FB65841CA4C07600185053 /* Info.plist */ = {isa = PBXFileReference; lastKnownFileType = text.plist.xml; path = Info.plist; sourceTree = "<group>"; };
		9C5BD9BAA100FB8156EF5BD2 /* libPods-SBMusicUtilities.a */ = {isa = PBXFileReference; explicitFileType = archive.ar; includeInIndex = 0; path = "libPods-SBMusicUtilities.a"; sourceTree = BUILT_PRODUCTS_DIR; };
		B54F2DAFDDE2673C567D08CD /* Pods-SBMusicUtilities.release.xcconfig */ = {isa = PBXFileReference; includeInIndex = 1; lastKnownFileType = text.xcconfig; name = "Pods-SBMusicUtilities.release.xcconfig"; path = "Pods/Target Support Files/Pods-SBMusicUtilities/Pods-SBMusicUtilities.release.xcconfig"; sourceTree = "<group>"; };
/* End PBXFileReference section */

/* Begin PBXFrameworksBuildPhase section */
		22FB657B1CA4C07600185053 /* Frameworks */ = {
			isa = PBXFrameworksBuildPhase;
			buildActionMask = 2147483647;
			files = (
				808D33CC18E5E3A1E9CB9AAD /* libPods-SBMusicUtilities.a in Frameworks */,
			);
			runOnlyForDeploymentPostprocessing = 0;
		};
/* End PBXFrameworksBuildPhase section */

/* Begin PBXGroup section */
		22FB65751CA4C07600185053 = {
			isa = PBXGroup;
			children = (
				22FB65811CA4C07600185053 /* SBMusicUtilities */,
				22FB65801CA4C07600185053 /* Products */,
				2DFA1373619929DFA3046476 /* Pods */,
				308FC6F7F9BD1656CA6379F0 /* Frameworks */,
			);
			sourceTree = "<group>";
		};
		22FB65801CA4C07600185053 /* Products */ = {
			isa = PBXGroup;
			children = (
				22FB657F1CA4C07600185053 /* SBMusicUtilities.framework */,
			);
			name = Products;
			sourceTree = "<group>";
		};
		22FB65811CA4C07600185053 /* SBMusicUtilities */ = {
			isa = PBXGroup;
			children = (
				22FB65821CA4C07600185053 /* SBMusicUtilities.h */,
				22FB65841CA4C07600185053 /* Info.plist */,
			);
			path = SBMusicUtilities;
			sourceTree = "<group>";
		};
		2DFA1373619929DFA3046476 /* Pods */ = {
			isa = PBXGroup;
			children = (
				12F7B7D51174FEC03EE88CCA /* Pods-SBMusicUtilities.debug.xcconfig */,
				B54F2DAFDDE2673C567D08CD /* Pods-SBMusicUtilities.release.xcconfig */,
			);
			name = Pods;
			sourceTree = "<group>";
		};
		308FC6F7F9BD1656CA6379F0 /* Frameworks */ = {
			isa = PBXGroup;
			children = (
				9C5BD9BAA100FB8156EF5BD2 /* libPods-SBMusicUtilities.a */,
			);
			name = Frameworks;
			sourceTree = "<group>";
		};
/* End PBXGroup section */

/* Begin PBXHeadersBuildPhase section */
		22FB657C1CA4C07600185053 /* Headers */ = {
			isa = PBXHeadersBuildPhase;
			buildActionMask = 2147483647;
			files = (
				22FB65831CA4C07600185053 /* SBMusicUtilities.h in Headers */,
			);
			runOnlyForDeploymentPostprocessing = 0;
		};
/* End PBXHeadersBuildPhase section */

/* Begin PBXNativeTarget section */
		22FB657E1CA4C07600185053 /* SBMusicUtilities */ = {
			isa = PBXNativeTarget;
			buildConfigurationList = 22FB65871CA4C07600185053 /* Build configuration list for PBXNativeTarget "SBMusicUtilities" */;
			buildPhases = (
				7AF4A166C19E406C0835586F /* Check Pods Manifest.lock */,
				22FB657A1CA4C07600185053 /* Sources */,
				22FB657B1CA4C07600185053 /* Frameworks */,
				22FB657C1CA4C07600185053 /* Headers */,
				22FB657D1CA4C07600185053 /* Resources */,
				99D96D50315D0FC9BCDA0FDA /* Copy Pods Resources */,
			);
			buildRules = (
			);
			dependencies = (
			);
			name = SBMusicUtilities;
			productName = SBMusicUtilities;
			productReference = 22FB657F1CA4C07600185053 /* SBMusicUtilities.framework */;
			productType = "com.apple.product-type.framework";
		};
/* End PBXNativeTarget section */

/* Begin PBXProject section */
		22FB65761CA4C07600185053 /* Project object */ = {
			isa = PBXProject;
			attributes = {
				LastUpgradeCheck = 0720;
				ORGANIZATIONNAME = "Sam Bender";
				TargetAttributes = {
					22FB657E1CA4C07600185053 = {
						CreatedOnToolsVersion = 7.2.1;
					};
				};
			};
			buildConfigurationList = 22FB65791CA4C07600185053 /* Build configuration list for PBXProject "SBMusicUtilities" */;
			compatibilityVersion = "Xcode 3.2";
			developmentRegion = English;
			hasScannedForEncodings = 0;
			knownRegions = (
				en,
			);
			mainGroup = 22FB65751CA4C07600185053;
			productRefGroup = 22FB65801CA4C07600185053 /* Products */;
			projectDirPath = "";
			projectRoot = "";
			targets = (
				22FB657E1CA4C07600185053 /* SBMusicUtilities */,
			);
		};
/* End PBXProject section */

/* Begin PBXResourcesBuildPhase section */
		22FB657D1CA4C07600185053 /* Resources */ = {
			isa = PBXResourcesBuildPhase;
			buildActionMask = 2147483647;
			files = (
			);
			runOnlyForDeploymentPostprocessing = 0;
		};
/* End PBXResourcesBuildPhase section */

/* Begin PBXShellScriptBuildPhase section */
		7AF4A166C19E406C0835586F /* Check Pods Manifest.lock */ = {
			isa = PBXShellScriptBuildPhase;
			buildActionMask = 2147483647;
			files = (
			);
			inputPaths = (
			);
			name = "Check Pods Manifest.lock";
			outputPaths = (
			);
			runOnlyForDeploymentPostprocessing = 0;
			shellPath = /bin/sh;
			shellScript = "diff \"${PODS_ROOT}/../Podfile.lock\" \"${PODS_ROOT}/Manifest.lock\" > /dev/null\nif [[ $? != 0 ]] ; then\n    cat << EOM\nerror: The sandbox is not in sync with the Podfile.lock. Run 'pod install' or update your CocoaPods installation.\nEOM\n    exit 1\nfi\n";
			showEnvVarsInLog = 0;
		};
		99D96D50315D0FC9BCDA0FDA /* Copy Pods Resources */ = {
			isa = PBXShellScriptBuildPhase;
			buildActionMask = 2147483647;
			files = (
			);
			inputPaths = (
			);
			name = "Copy Pods Resources";
			outputPaths = (
			);
			runOnlyForDeploymentPostprocessing = 0;
			shellPath = /bin/sh;
			shellScript = "\"${SRCROOT}/Pods/Target Support Files/Pods-SBMusicUtilities/Pods-SBMusicUtilities-resources.sh\"\n";
			showEnvVarsInLog = 0;
		};
/* End PBXShellScriptBuildPhase section */

/* Begin PBXSourcesBuildPhase section */
		22FB657A1CA4C07600185053 /* Sources */ = {
			isa = PBXSourcesBuildPhase;
			buildActionMask = 2147483647;
			files = (
			);
			runOnlyForDeploymentPostprocessing = 0;
		};
/* End PBXSourcesBuildPhase section */

/* Begin XCBuildConfiguration section */
		22FB65851CA4C07600185053 /* Debug */ = {
			isa = XCBuildConfiguration;
			buildSettings = {
				ALWAYS_SEARCH_USER_PATHS = NO;
				CLANG_CXX_LANGUAGE_STANDARD = "gnu++0x";
				CLANG_CXX_LIBRARY = "libc++";
				CLANG_ENABLE_MODULES = YES;
				CLANG_ENABLE_OBJC_ARC = YES;
				CLANG_WARN_BOOL_CONVERSION = YES;
				CLANG_WARN_CONSTANT_CONVERSION = YES;
				CLANG_WARN_DIRECT_OBJC_ISA_USAGE = YES_ERROR;
				CLANG_WARN_EMPTY_BODY = YES;
				CLANG_WARN_ENUM_CONVERSION = YES;
				CLANG_WARN_INT_CONVERSION = YES;
				CLANG_WARN_OBJC_ROOT_CLASS = YES_ERROR;
				CLANG_WARN_UNREACHABLE_CODE = YES;
				CLANG_WARN__DUPLICATE_METHOD_MATCH = YES;
				"CODE_SIGN_IDENTITY[sdk=iphoneos*]" = "iPhone Developer";
				COPY_PHASE_STRIP = NO;
				CURRENT_PROJECT_VERSION = 1;
				DEBUG_INFORMATION_FORMAT = dwarf;
				ENABLE_STRICT_OBJC_MSGSEND = YES;
				ENABLE_TESTABILITY = YES;
				GCC_C_LANGUAGE_STANDARD = gnu99;
				GCC_DYNAMIC_NO_PIC = NO;
				GCC_NO_COMMON_BLOCKS = YES;
				GCC_OPTIMIZATION_LEVEL = 0;
				GCC_PREPROCESSOR_DEFINITIONS = (
					"DEBUG=1",
					"$(inherited)",
				);
				GCC_WARN_64_TO_32_BIT_CONVERSION = YES;
				GCC_WARN_ABOUT_RETURN_TYPE = YES_ERROR;
				GCC_WARN_UNDECLARED_SELECTOR = YES;
				GCC_WARN_UNINITIALIZED_AUTOS = YES_AGGRESSIVE;
				GCC_WARN_UNUSED_FUNCTION = YES;
				GCC_WARN_UNUSED_VARIABLE = YES;
				IPHONEOS_DEPLOYMENT_TARGET = 9.2;
				MTL_ENABLE_DEBUG_INFO = YES;
				ONLY_ACTIVE_ARCH = YES;
				SDKROOT = iphoneos;
				TARGETED_DEVICE_FAMILY = "1,2";
				VERSIONING_SYSTEM = "apple-generic";
				VERSION_INFO_PREFIX = "";
			};
			name = Debug;
		};
		22FB65861CA4C07600185053 /* Release */ = {
			isa = XCBuildConfiguration;
			buildSettings = {
				ALWAYS_SEARCH_USER_PATHS = NO;
				CLANG_CXX_LANGUAGE_STANDARD = "gnu++0x";
				CLANG_CXX_LIBRARY = "libc++";
				CLANG_ENABLE_MODULES = YES;
				CLANG_ENABLE_OBJC_ARC = YES;
				CLANG_WARN_BOOL_CONVERSION = YES;
				CLANG_WARN_CONSTANT_CONVERSION = YES;
				CLANG_WARN_DIRECT_OBJC_ISA_USAGE = YES_ERROR;
				CLANG_WARN_EMPTY_BODY = YES;
				CLANG_WARN_ENUM_CONVERSION = YES;
				CLANG_WARN_INT_CONVERSION = YES;
				CLANG_WARN_OBJC_ROOT_CLASS = YES_ERROR;
				CLANG_WARN_UNREACHABLE_CODE = YES;
				CLANG_WARN__DUPLICATE_METHOD_MATCH = YES;
				"CODE_SIGN_IDENTITY[sdk=iphoneos*]" = "iPhone Developer";
				COPY_PHASE_STRIP = NO;
				CURRENT_PROJECT_VERSION = 1;
				DEBUG_INFORMATION_FORMAT = "dwarf-with-dsym";
				ENABLE_NS_ASSERTIONS = NO;
				ENABLE_STRICT_OBJC_MSGSEND = YES;
				GCC_C_LANGUAGE_STANDARD = gnu99;
				GCC_NO_COMMON_BLOCKS = YES;
				GCC_WARN_64_TO_32_BIT_CONVERSION = YES;
				GCC_WARN_ABOUT_RETURN_TYPE = YES_ERROR;
				GCC_WARN_UNDECLARED_SELECTOR = YES;
				GCC_WARN_UNINITIALIZED_AUTOS = YES_AGGRESSIVE;
				GCC_WARN_UNUSED_FUNCTION = YES;
				GCC_WARN_UNUSED_VARIABLE = YES;
				IPHONEOS_DEPLOYMENT_TARGET = 9.2;
				MTL_ENABLE_DEBUG_INFO = NO;
				SDKROOT = iphoneos;
				TARGETED_DEVICE_FAMILY = "1,2";
				VALIDATE_PRODUCT = YES;
				VERSIONING_SYSTEM = "apple-generic";
				VERSION_INFO_PREFIX = "";
			};
			name = Release;
		};
		22FB65881CA4C07600185053 /* Debug */ = {
			isa = XCBuildConfiguration;
			baseConfigurationReference = 12F7B7D51174FEC03EE88CCA /* Pods-SBMusicUtilities.debug.xcconfig */;
			buildSettings = {
				DEFINES_MODULE = YES;
				DYLIB_COMPATIBILITY_VERSION = 1;
				DYLIB_CURRENT_VERSION = 1;
				DYLIB_INSTALL_NAME_BASE = "@rpath";
				INFOPLIST_FILE = SBMusicUtilities/Info.plist;
				INSTALL_PATH = "$(LOCAL_LIBRARY_DIR)/Frameworks";
				LD_RUNPATH_SEARCH_PATHS = "$(inherited) @executable_path/Frameworks @loader_path/Frameworks";
				PRODUCT_BUNDLE_IDENTIFIER = com.sambender.SBMusicUtilities;
				PRODUCT_NAME = "$(TARGET_NAME)";
				SKIP_INSTALL = YES;
			};
			name = Debug;
		};
		22FB65891CA4C07600185053 /* Release */ = {
			isa = XCBuildConfiguration;
			baseConfigurationReference = B54F2DAFDDE2673C567D08CD /* Pods-SBMusicUtilities.release.xcconfig */;
			buildSettings = {
				DEFINES_MODULE = YES;
				DYLIB_COMPATIBILITY_VERSION = 1;
				DYLIB_CURRENT_VERSION = 1;
				DYLIB_INSTALL_NAME_BASE = "@rpath";
				INFOPLIST_FILE = SBMusicUtilities/Info.plist;
				INSTALL_PATH = "$(LOCAL_LIBRARY_DIR)/Frameworks";
				LD_RUNPATH_SEARCH_PATHS = "$(inherited) @executable_path/Frameworks @loader_path/Frameworks";
				PRODUCT_BUNDLE_IDENTIFIER = com.sambender.SBMusicUtilities;
				PRODUCT_NAME = "$(TARGET_NAME)";
				SKIP_INSTALL = YES;
			};
			name = Release;
		};
/* End XCBuildConfiguration section */

/* Begin XCConfigurationList section */
		22FB65791CA4C07600185053 /* Build configuration list for PBXProject "SBMusicUtilities" */ = {
			isa = XCConfigurationList;
			buildConfigurations = (
				22FB65851CA4C07600185053 /* Debug */,
				22FB65861CA4C07600185053 /* Release */,
			);
			defaultConfigurationIsVisible = 0;
			defaultConfigurationName = Release;
		};
		22FB65871CA4C07600185053 /* Build configuration list for PBXNativeTarget "SBMusicUtilities" */ = {
			isa = XCConfigurationList;
			buildConfigurations = (
				22FB65881CA4C07600185053 /* Debug */,
				22FB65891CA4C07600185053 /* Release */,
			);
			defaultConfigurationIsVisible = 0;
			defaultConfigurationName = Release;
		};
/* End XCConfigurationList section */
	};
	rootObject = 22FB65761CA4C07600185053 /* Project object */;
}
