// !$*UTF8*$!
{
	archiveVersion = 1;
	classes = {
	};
	objectVersion = 46;
	objects = {

/* Begin PBXBuildFile section */
		22059F4B1CA50A690016E205 /* SBRandomNoteGenerator.h in Headers */ = {isa = PBXBuildFile; fileRef = 22059F491CA50A690016E205 /* SBRandomNoteGenerator.h */; settings = {ATTRIBUTES = (Public, ); }; };
		22059F4C1CA50A690016E205 /* SBRandomNoteGenerator.m in Sources */ = {isa = PBXBuildFile; fileRef = 22059F4A1CA50A690016E205 /* SBRandomNoteGenerator.m */; };
		22444DB81CAAFB38002AFA3F /* SBPitchEstimator.h in Headers */ = {isa = PBXBuildFile; fileRef = 22444DB61CAAFB38002AFA3F /* SBPitchEstimator.h */; settings = {ATTRIBUTES = (Public, ); }; };
		22444DB91CAAFB38002AFA3F /* SBPitchEstimator.m in Sources */ = {isa = PBXBuildFile; fileRef = 22444DB71CAAFB38002AFA3F /* SBPitchEstimator.m */; };
		22444DBC1CAAFBCC002AFA3F /* SBMath.h in Headers */ = {isa = PBXBuildFile; fileRef = 22444DBA1CAAFBCC002AFA3F /* SBMath.h */; settings = {ATTRIBUTES = (Public, ); }; };
		22444DBD1CAAFBCC002AFA3F /* SBMath.m in Sources */ = {isa = PBXBuildFile; fileRef = 22444DBB1CAAFBCC002AFA3F /* SBMath.m */; };
		22444DC01CAAFC13002AFA3F /* SBCircularFloat.h in Headers */ = {isa = PBXBuildFile; fileRef = 22444DBE1CAAFC13002AFA3F /* SBCircularFloat.h */; settings = {ATTRIBUTES = (Public, ); }; };
		22444DC11CAAFC13002AFA3F /* SBCircularFloat.m in Sources */ = {isa = PBXBuildFile; fileRef = 22444DBF1CAAFC13002AFA3F /* SBCircularFloat.m */; };
		22444DC41CAAFC32002AFA3F /* SBCircular.h in Headers */ = {isa = PBXBuildFile; fileRef = 22444DC21CAAFC32002AFA3F /* SBCircular.h */; settings = {ATTRIBUTES = (Public, ); }; };
		22444DC51CAAFC32002AFA3F /* SBCircular.m in Sources */ = {isa = PBXBuildFile; fileRef = 22444DC31CAAFC32002AFA3F /* SBCircular.m */; };
		225C181C1DE538630006E773 /* SBMusicUtilitiesTests.m in Sources */ = {isa = PBXBuildFile; fileRef = 225C181B1DE538630006E773 /* SBMusicUtilitiesTests.m */; };
		225C181E1DE538630006E773 /* SBMusicUtilities.framework in Frameworks */ = {isa = PBXBuildFile; fileRef = 22FB657F1CA4C07600185053 /* SBMusicUtilities.framework */; };
		225C18251DE538A20006E773 /* SBNoteTests.m in Sources */ = {isa = PBXBuildFile; fileRef = 225C18241DE538A20006E773 /* SBNoteTests.m */; };
		225C18261DE538AB0006E773 /* SBNote.m in Sources */ = {isa = PBXBuildFile; fileRef = 22FB65941CA4FD6900185053 /* SBNote.m */; };
		226AC3AB1D988538007CA381 /* Localizable.strings in Resources */ = {isa = PBXBuildFile; fileRef = 226AC3A91D987895007CA381 /* Localizable.strings */; };
		22BE00461E0B9B3500C4BA4D /* SBRandomNoteGeneratorTests.m in Sources */ = {isa = PBXBuildFile; fileRef = 22BE00451E0B9B3500C4BA4D /* SBRandomNoteGeneratorTests.m */; };
		22BE00471E0B9BA800C4BA4D /* SBRandomNoteGenerator.m in Sources */ = {isa = PBXBuildFile; fileRef = 22059F4A1CA50A690016E205 /* SBRandomNoteGenerator.m */; };
		22FB65831CA4C07600185053 /* SBMusicUtilities.h in Headers */ = {isa = PBXBuildFile; fileRef = 22FB65821CA4C07600185053 /* SBMusicUtilities.h */; settings = {ATTRIBUTES = (Public, ); }; };
		22FB658D1CA4FD0F00185053 /* SBAudioPlayer.h in Headers */ = {isa = PBXBuildFile; fileRef = 22FB658B1CA4FD0F00185053 /* SBAudioPlayer.h */; settings = {ATTRIBUTES = (Public, ); }; };
		22FB658E1CA4FD0F00185053 /* SBAudioPlayer.m in Sources */ = {isa = PBXBuildFile; fileRef = 22FB658C1CA4FD0F00185053 /* SBAudioPlayer.m */; };
		22FB65911CA4FD2100185053 /* SBPlayableNote.h in Headers */ = {isa = PBXBuildFile; fileRef = 22FB658F1CA4FD2100185053 /* SBPlayableNote.h */; settings = {ATTRIBUTES = (Public, ); }; };
		22FB65921CA4FD2100185053 /* SBPlayableNote.m in Sources */ = {isa = PBXBuildFile; fileRef = 22FB65901CA4FD2100185053 /* SBPlayableNote.m */; };
		22FB65951CA4FD6900185053 /* SBNote.h in Headers */ = {isa = PBXBuildFile; fileRef = 22FB65931CA4FD6900185053 /* SBNote.h */; settings = {ATTRIBUTES = (Public, ); }; };
		22FB65961CA4FD6900185053 /* SBNote.m in Sources */ = {isa = PBXBuildFile; fileRef = 22FB65941CA4FD6900185053 /* SBNote.m */; };
		A5CB7B2CC655292A8203AA28 /* libPods-SBMusicUtilitiesTests.a in Frameworks */ = {isa = PBXBuildFile; fileRef = 7D8C6D40283B7E65EF30925A /* libPods-SBMusicUtilitiesTests.a */; };
		D23141DC1C5945355787C60C /* libPods-SBMusicUtilities.a in Frameworks */ = {isa = PBXBuildFile; fileRef = 8988C75F06BD82A9CF9D51C3 /* libPods-SBMusicUtilities.a */; };
/* End PBXBuildFile section */

/* Begin PBXContainerItemProxy section */
		225C181F1DE538630006E773 /* PBXContainerItemProxy */ = {
			isa = PBXContainerItemProxy;
			containerPortal = 22FB65761CA4C07600185053 /* Project object */;
			proxyType = 1;
			remoteGlobalIDString = 22FB657E1CA4C07600185053;
			remoteInfo = SBMusicUtilities;
		};
/* End PBXContainerItemProxy section */

/* Begin PBXFileReference section */
		22059F491CA50A690016E205 /* SBRandomNoteGenerator.h */ = {isa = PBXFileReference; fileEncoding = 4; lastKnownFileType = sourcecode.c.h; path = SBRandomNoteGenerator.h; sourceTree = "<group>"; };
		22059F4A1CA50A690016E205 /* SBRandomNoteGenerator.m */ = {isa = PBXFileReference; fileEncoding = 4; lastKnownFileType = sourcecode.c.objc; path = SBRandomNoteGenerator.m; sourceTree = "<group>"; };
		22444DB61CAAFB38002AFA3F /* SBPitchEstimator.h */ = {isa = PBXFileReference; fileEncoding = 4; lastKnownFileType = sourcecode.c.h; path = SBPitchEstimator.h; sourceTree = "<group>"; };
		22444DB71CAAFB38002AFA3F /* SBPitchEstimator.m */ = {isa = PBXFileReference; fileEncoding = 4; lastKnownFileType = sourcecode.c.objc; path = SBPitchEstimator.m; sourceTree = "<group>"; };
		22444DBA1CAAFBCC002AFA3F /* SBMath.h */ = {isa = PBXFileReference; fileEncoding = 4; lastKnownFileType = sourcecode.c.h; path = SBMath.h; sourceTree = "<group>"; };
		22444DBB1CAAFBCC002AFA3F /* SBMath.m */ = {isa = PBXFileReference; fileEncoding = 4; lastKnownFileType = sourcecode.c.objc; path = SBMath.m; sourceTree = "<group>"; };
		22444DBE1CAAFC13002AFA3F /* SBCircularFloat.h */ = {isa = PBXFileReference; fileEncoding = 4; lastKnownFileType = sourcecode.c.h; path = SBCircularFloat.h; sourceTree = "<group>"; };
		22444DBF1CAAFC13002AFA3F /* SBCircularFloat.m */ = {isa = PBXFileReference; fileEncoding = 4; lastKnownFileType = sourcecode.c.objc; path = SBCircularFloat.m; sourceTree = "<group>"; };
		22444DC21CAAFC32002AFA3F /* SBCircular.h */ = {isa = PBXFileReference; fileEncoding = 4; lastKnownFileType = sourcecode.c.h; path = SBCircular.h; sourceTree = "<group>"; };
		22444DC31CAAFC32002AFA3F /* SBCircular.m */ = {isa = PBXFileReference; fileEncoding = 4; lastKnownFileType = sourcecode.c.objc; path = SBCircular.m; sourceTree = "<group>"; };
		224518791D9C65D300B98371 /* zh-Hans */ = {isa = PBXFileReference; lastKnownFileType = text.plist.strings; name = "zh-Hans"; path = "zh-Hans.lproj/Localizable.strings"; sourceTree = "<group>"; };
		225C18191DE538630006E773 /* SBMusicUtilitiesTests.xctest */ = {isa = PBXFileReference; explicitFileType = wrapper.cfbundle; includeInIndex = 0; path = SBMusicUtilitiesTests.xctest; sourceTree = BUILT_PRODUCTS_DIR; };
		225C181B1DE538630006E773 /* SBMusicUtilitiesTests.m */ = {isa = PBXFileReference; lastKnownFileType = sourcecode.c.objc; path = SBMusicUtilitiesTests.m; sourceTree = "<group>"; };
		225C181D1DE538630006E773 /* Info.plist */ = {isa = PBXFileReference; lastKnownFileType = text.plist.xml; path = Info.plist; sourceTree = "<group>"; };
		225C18241DE538A20006E773 /* SBNoteTests.m */ = {isa = PBXFileReference; fileEncoding = 4; lastKnownFileType = sourcecode.c.objc; path = SBNoteTests.m; sourceTree = "<group>"; };
		226AC3A81D987895007CA381 /* en */ = {isa = PBXFileReference; fileEncoding = 10; lastKnownFileType = text.plist.strings; name = en; path = en.lproj/Localizable.strings; sourceTree = "<group>"; };
		226AC3AA1D9878B9007CA381 /* de */ = {isa = PBXFileReference; fileEncoding = 10; lastKnownFileType = text.plist.strings; name = de; path = de.lproj/Localizable.strings; sourceTree = "<group>"; };
		22BE00451E0B9B3500C4BA4D /* SBRandomNoteGeneratorTests.m */ = {isa = PBXFileReference; fileEncoding = 4; lastKnownFileType = sourcecode.c.objc; path = SBRandomNoteGeneratorTests.m; sourceTree = "<group>"; };
		22FB657F1CA4C07600185053 /* SBMusicUtilities.framework */ = {isa = PBXFileReference; explicitFileType = wrapper.framework; includeInIndex = 0; path = SBMusicUtilities.framework; sourceTree = BUILT_PRODUCTS_DIR; };
		22FB65821CA4C07600185053 /* SBMusicUtilities.h */ = {isa = PBXFileReference; lastKnownFileType = sourcecode.c.h; path = SBMusicUtilities.h; sourceTree = "<group>"; };
		22FB65841CA4C07600185053 /* Info.plist */ = {isa = PBXFileReference; lastKnownFileType = text.plist.xml; path = Info.plist; sourceTree = "<group>"; };
		22FB658B1CA4FD0F00185053 /* SBAudioPlayer.h */ = {isa = PBXFileReference; fileEncoding = 4; lastKnownFileType = sourcecode.c.h; path = SBAudioPlayer.h; sourceTree = "<group>"; };
		22FB658C1CA4FD0F00185053 /* SBAudioPlayer.m */ = {isa = PBXFileReference; fileEncoding = 4; lastKnownFileType = sourcecode.c.objc; path = SBAudioPlayer.m; sourceTree = "<group>"; };
		22FB658F1CA4FD2100185053 /* SBPlayableNote.h */ = {isa = PBXFileReference; fileEncoding = 4; lastKnownFileType = sourcecode.c.h; path = SBPlayableNote.h; sourceTree = "<group>"; };
		22FB65901CA4FD2100185053 /* SBPlayableNote.m */ = {isa = PBXFileReference; fileEncoding = 4; lastKnownFileType = sourcecode.c.objc; path = SBPlayableNote.m; sourceTree = "<group>"; };
		22FB65931CA4FD6900185053 /* SBNote.h */ = {isa = PBXFileReference; fileEncoding = 4; lastKnownFileType = sourcecode.c.h; path = SBNote.h; sourceTree = "<group>"; };
		22FB65941CA4FD6900185053 /* SBNote.m */ = {isa = PBXFileReference; fileEncoding = 4; lastKnownFileType = sourcecode.c.objc; path = SBNote.m; sourceTree = "<group>"; };
		4ED1D8C6DBD75975FD6055DA /* Pods-SBMusicUtilities.release.xcconfig */ = {isa = PBXFileReference; includeInIndex = 1; lastKnownFileType = text.xcconfig; name = "Pods-SBMusicUtilities.release.xcconfig"; path = "Pods/Target Support Files/Pods-SBMusicUtilities/Pods-SBMusicUtilities.release.xcconfig"; sourceTree = "<group>"; };
		557A9C05072A053818C78071 /* Pods-SBMusicUtilitiesTests.release.xcconfig */ = {isa = PBXFileReference; includeInIndex = 1; lastKnownFileType = text.xcconfig; name = "Pods-SBMusicUtilitiesTests.release.xcconfig"; path = "Pods/Target Support Files/Pods-SBMusicUtilitiesTests/Pods-SBMusicUtilitiesTests.release.xcconfig"; sourceTree = "<group>"; };
		7D8C6D40283B7E65EF30925A /* libPods-SBMusicUtilitiesTests.a */ = {isa = PBXFileReference; explicitFileType = archive.ar; includeInIndex = 0; path = "libPods-SBMusicUtilitiesTests.a"; sourceTree = BUILT_PRODUCTS_DIR; };
		8988C75F06BD82A9CF9D51C3 /* libPods-SBMusicUtilities.a */ = {isa = PBXFileReference; explicitFileType = archive.ar; includeInIndex = 0; path = "libPods-SBMusicUtilities.a"; sourceTree = BUILT_PRODUCTS_DIR; };
		8AB6169222179C808A19A5FC /* Pods-SBMusicUtilities.debug.xcconfig */ = {isa = PBXFileReference; includeInIndex = 1; lastKnownFileType = text.xcconfig; name = "Pods-SBMusicUtilities.debug.xcconfig"; path = "Pods/Target Support Files/Pods-SBMusicUtilities/Pods-SBMusicUtilities.debug.xcconfig"; sourceTree = "<group>"; };
		BD4EDF7AC879A84303BE9325 /* Pods-SBMusicUtilitiesTests.debug.xcconfig */ = {isa = PBXFileReference; includeInIndex = 1; lastKnownFileType = text.xcconfig; name = "Pods-SBMusicUtilitiesTests.debug.xcconfig"; path = "Pods/Target Support Files/Pods-SBMusicUtilitiesTests/Pods-SBMusicUtilitiesTests.debug.xcconfig"; sourceTree = "<group>"; };
/* End PBXFileReference section */

/* Begin PBXFrameworksBuildPhase section */
		225C18161DE538630006E773 /* Frameworks */ = {
			isa = PBXFrameworksBuildPhase;
			buildActionMask = 2147483647;
			files = (
				225C181E1DE538630006E773 /* SBMusicUtilities.framework in Frameworks */,
				A5CB7B2CC655292A8203AA28 /* libPods-SBMusicUtilitiesTests.a in Frameworks */,
			);
			runOnlyForDeploymentPostprocessing = 0;
		};
		22FB657B1CA4C07600185053 /* Frameworks */ = {
			isa = PBXFrameworksBuildPhase;
			buildActionMask = 2147483647;
			files = (
				D23141DC1C5945355787C60C /* libPods-SBMusicUtilities.a in Frameworks */,
			);
			runOnlyForDeploymentPostprocessing = 0;
		};
/* End PBXFrameworksBuildPhase section */

/* Begin PBXGroup section */
		225C181A1DE538630006E773 /* SBMusicUtilitiesTests */ = {
			isa = PBXGroup;
			children = (
				225C181D1DE538630006E773 /* Info.plist */,
				225C181B1DE538630006E773 /* SBMusicUtilitiesTests.m */,
				225C18241DE538A20006E773 /* SBNoteTests.m */,
				22BE00451E0B9B3500C4BA4D /* SBRandomNoteGeneratorTests.m */,
			);
			path = SBMusicUtilitiesTests;
			sourceTree = "<group>";
		};
		22FB65751CA4C07600185053 = {
			isa = PBXGroup;
			children = (
				22FB65811CA4C07600185053 /* SBMusicUtilities */,
				225C181A1DE538630006E773 /* SBMusicUtilitiesTests */,
				22FB65801CA4C07600185053 /* Products */,
				805FA476F5D7126FF351E763 /* Pods */,
				D60101C71531BB80F6AA00EA /* Frameworks */,
			);
			sourceTree = "<group>";
		};
		22FB65801CA4C07600185053 /* Products */ = {
			isa = PBXGroup;
			children = (
				22FB657F1CA4C07600185053 /* SBMusicUtilities.framework */,
				225C18191DE538630006E773 /* SBMusicUtilitiesTests.xctest */,
			);
			name = Products;
			sourceTree = "<group>";
		};
		22FB65811CA4C07600185053 /* SBMusicUtilities */ = {
			isa = PBXGroup;
			children = (
				22FB65821CA4C07600185053 /* SBMusicUtilities.h */,
				22FB658B1CA4FD0F00185053 /* SBAudioPlayer.h */,
				22FB658C1CA4FD0F00185053 /* SBAudioPlayer.m */,
				22444DC21CAAFC32002AFA3F /* SBCircular.h */,
				22444DC31CAAFC32002AFA3F /* SBCircular.m */,
				22444DBE1CAAFC13002AFA3F /* SBCircularFloat.h */,
				22444DBF1CAAFC13002AFA3F /* SBCircularFloat.m */,
				22FB65931CA4FD6900185053 /* SBNote.h */,
				22FB65941CA4FD6900185053 /* SBNote.m */,
				22444DBA1CAAFBCC002AFA3F /* SBMath.h */,
				22444DBB1CAAFBCC002AFA3F /* SBMath.m */,
				22FB658F1CA4FD2100185053 /* SBPlayableNote.h */,
				22FB65901CA4FD2100185053 /* SBPlayableNote.m */,
				22444DB61CAAFB38002AFA3F /* SBPitchEstimator.h */,
				22444DB71CAAFB38002AFA3F /* SBPitchEstimator.m */,
				22059F491CA50A690016E205 /* SBRandomNoteGenerator.h */,
				22059F4A1CA50A690016E205 /* SBRandomNoteGenerator.m */,
				22FB65841CA4C07600185053 /* Info.plist */,
				226AC3A91D987895007CA381 /* Localizable.strings */,
			);
			path = SBMusicUtilities;
			sourceTree = "<group>";
		};
		805FA476F5D7126FF351E763 /* Pods */ = {
			isa = PBXGroup;
			children = (
				8AB6169222179C808A19A5FC /* Pods-SBMusicUtilities.debug.xcconfig */,
				4ED1D8C6DBD75975FD6055DA /* Pods-SBMusicUtilities.release.xcconfig */,
				BD4EDF7AC879A84303BE9325 /* Pods-SBMusicUtilitiesTests.debug.xcconfig */,
				557A9C05072A053818C78071 /* Pods-SBMusicUtilitiesTests.release.xcconfig */,
			);
			name = Pods;
			sourceTree = "<group>";
		};
		D60101C71531BB80F6AA00EA /* Frameworks */ = {
			isa = PBXGroup;
			children = (
				8988C75F06BD82A9CF9D51C3 /* libPods-SBMusicUtilities.a */,
				7D8C6D40283B7E65EF30925A /* libPods-SBMusicUtilitiesTests.a */,
			);
			name = Frameworks;
			sourceTree = "<group>";
		};
/* End PBXGroup section */

/* Begin PBXHeadersBuildPhase section */
		22FB657C1CA4C07600185053 /* Headers */ = {
			isa = PBXHeadersBuildPhase;
			buildActionMask = 2147483647;
			files = (
				22444DB81CAAFB38002AFA3F /* SBPitchEstimator.h in Headers */,
				22059F4B1CA50A690016E205 /* SBRandomNoteGenerator.h in Headers */,
				22444DC41CAAFC32002AFA3F /* SBCircular.h in Headers */,
				22444DBC1CAAFBCC002AFA3F /* SBMath.h in Headers */,
				22FB658D1CA4FD0F00185053 /* SBAudioPlayer.h in Headers */,
				22FB65951CA4FD6900185053 /* SBNote.h in Headers */,
				22FB65831CA4C07600185053 /* SBMusicUtilities.h in Headers */,
				22FB65911CA4FD2100185053 /* SBPlayableNote.h in Headers */,
				22444DC01CAAFC13002AFA3F /* SBCircularFloat.h in Headers */,
			);
			runOnlyForDeploymentPostprocessing = 0;
		};
/* End PBXHeadersBuildPhase section */

/* Begin PBXNativeTarget section */
		225C18181DE538630006E773 /* SBMusicUtilitiesTests */ = {
			isa = PBXNativeTarget;
			buildConfigurationList = 225C18231DE538630006E773 /* Build configuration list for PBXNativeTarget "SBMusicUtilitiesTests" */;
			buildPhases = (
				EF6969150FC895264DEC9EED /* [CP] Check Pods Manifest.lock */,
				225C18151DE538630006E773 /* Sources */,
				225C18161DE538630006E773 /* Frameworks */,
				225C18171DE538630006E773 /* Resources */,
				C49EF7BF68E1799E7993A7F4 /* [CP] Embed Pods Frameworks */,
				989D5200B3DC30208577CF09 /* [CP] Copy Pods Resources */,
			);
			buildRules = (
			);
			dependencies = (
				225C18201DE538630006E773 /* PBXTargetDependency */,
			);
			name = SBMusicUtilitiesTests;
			productName = SBMusicUtilitiesTests;
			productReference = 225C18191DE538630006E773 /* SBMusicUtilitiesTests.xctest */;
			productType = "com.apple.product-type.bundle.unit-test";
		};
		22FB657E1CA4C07600185053 /* SBMusicUtilities */ = {
			isa = PBXNativeTarget;
			buildConfigurationList = 22FB65871CA4C07600185053 /* Build configuration list for PBXNativeTarget "SBMusicUtilities" */;
			buildPhases = (
				FC1B800CC5B8C5DF2652132E /* [CP] Check Pods Manifest.lock */,
				22FB657A1CA4C07600185053 /* Sources */,
				22FB657B1CA4C07600185053 /* Frameworks */,
				22FB657C1CA4C07600185053 /* Headers */,
				22FB657D1CA4C07600185053 /* Resources */,
				543F2EF995BEB4C624557331 /* [CP] Copy Pods Resources */,
			);
			buildRules = (
			);
			dependencies = (
			);
			name = SBMusicUtilities;
			productName = SBMusicUtilities;
			productReference = 22FB657F1CA4C07600185053 /* SBMusicUtilities.framework */;
			productType = "com.apple.product-type.framework";
		};
/* End PBXNativeTarget section */

/* Begin PBXProject section */
		22FB65761CA4C07600185053 /* Project object */ = {
			isa = PBXProject;
			attributes = {
				LastUpgradeCheck = 0800;
				ORGANIZATIONNAME = "Sam Bender";
				TargetAttributes = {
					225C18181DE538630006E773 = {
						CreatedOnToolsVersion = 8.1;
						DevelopmentTeam = 2VJY2AJVXJ;
						ProvisioningStyle = Automatic;
					};
					22FB657E1CA4C07600185053 = {
						CreatedOnToolsVersion = 7.2.1;
					};
				};
			};
			buildConfigurationList = 22FB65791CA4C07600185053 /* Build configuration list for PBXProject "SBMusicUtilities" */;
			compatibilityVersion = "Xcode 3.2";
			developmentRegion = English;
			hasScannedForEncodings = 0;
			knownRegions = (
				en,
				de,
				"zh-Hans",
			);
			mainGroup = 22FB65751CA4C07600185053;
			productRefGroup = 22FB65801CA4C07600185053 /* Products */;
			projectDirPath = "";
			projectRoot = "";
			targets = (
				22FB657E1CA4C07600185053 /* SBMusicUtilities */,
				225C18181DE538630006E773 /* SBMusicUtilitiesTests */,
			);
		};
/* End PBXProject section */

/* Begin PBXResourcesBuildPhase section */
		225C18171DE538630006E773 /* Resources */ = {
			isa = PBXResourcesBuildPhase;
			buildActionMask = 2147483647;
			files = (
			);
			runOnlyForDeploymentPostprocessing = 0;
		};
		22FB657D1CA4C07600185053 /* Resources */ = {
			isa = PBXResourcesBuildPhase;
			buildActionMask = 2147483647;
			files = (
				226AC3AB1D988538007CA381 /* Localizable.strings in Resources */,
			);
			runOnlyForDeploymentPostprocessing = 0;
		};
/* End PBXResourcesBuildPhase section */

/* Begin PBXShellScriptBuildPhase section */
		543F2EF995BEB4C624557331 /* [CP] Copy Pods Resources */ = {
			isa = PBXShellScriptBuildPhase;
			buildActionMask = 2147483647;
			files = (
			);
			inputPaths = (
			);
			name = "[CP] Copy Pods Resources";
			outputPaths = (
			);
			runOnlyForDeploymentPostprocessing = 0;
			shellPath = /bin/sh;
			shellScript = "\"${SRCROOT}/Pods/Target Support Files/Pods-SBMusicUtilities/Pods-SBMusicUtilities-resources.sh\"\n";
			showEnvVarsInLog = 0;
		};
		989D5200B3DC30208577CF09 /* [CP] Copy Pods Resources */ = {
			isa = PBXShellScriptBuildPhase;
			buildActionMask = 2147483647;
			files = (
			);
			inputPaths = (
			);
			name = "[CP] Copy Pods Resources";
			outputPaths = (
			);
			runOnlyForDeploymentPostprocessing = 0;
			shellPath = /bin/sh;
			shellScript = "\"${SRCROOT}/Pods/Target Support Files/Pods-SBMusicUtilitiesTests/Pods-SBMusicUtilitiesTests-resources.sh\"\n";
			showEnvVarsInLog = 0;
		};
		C49EF7BF68E1799E7993A7F4 /* [CP] Embed Pods Frameworks */ = {
			isa = PBXShellScriptBuildPhase;
			buildActionMask = 2147483647;
			files = (
			);
			inputPaths = (
			);
			name = "[CP] Embed Pods Frameworks";
			outputPaths = (
			);
			runOnlyForDeploymentPostprocessing = 0;
			shellPath = /bin/sh;
			shellScript = "\"${SRCROOT}/Pods/Target Support Files/Pods-SBMusicUtilitiesTests/Pods-SBMusicUtilitiesTests-frameworks.sh\"\n";
			showEnvVarsInLog = 0;
		};
		EF6969150FC895264DEC9EED /* [CP] Check Pods Manifest.lock */ = {
			isa = PBXShellScriptBuildPhase;
			buildActionMask = 2147483647;
			files = (
			);
			inputPaths = (
			);
			name = "[CP] Check Pods Manifest.lock";
			outputPaths = (
			);
			runOnlyForDeploymentPostprocessing = 0;
			shellPath = /bin/sh;
			shellScript = "diff \"${PODS_ROOT}/../Podfile.lock\" \"${PODS_ROOT}/Manifest.lock\" > /dev/null\nif [ $? != 0 ] ; then\n    # print error to STDERR\n    echo \"error: The sandbox is not in sync with the Podfile.lock. Run 'pod install' or update your CocoaPods installation.\" >&2\n    exit 1\nfi\n";
			showEnvVarsInLog = 0;
		};
		FC1B800CC5B8C5DF2652132E /* [CP] Check Pods Manifest.lock */ = {
			isa = PBXShellScriptBuildPhase;
			buildActionMask = 2147483647;
			files = (
			);
			inputPaths = (
			);
			name = "[CP] Check Pods Manifest.lock";
			outputPaths = (
			);
			runOnlyForDeploymentPostprocessing = 0;
			shellPath = /bin/sh;
			shellScript = "diff \"${PODS_ROOT}/../Podfile.lock\" \"${PODS_ROOT}/Manifest.lock\" > /dev/null\nif [ $? != 0 ] ; then\n    # print error to STDERR\n    echo \"error: The sandbox is not in sync with the Podfile.lock. Run 'pod install' or update your CocoaPods installation.\" >&2\n    exit 1\nfi\n";
			showEnvVarsInLog = 0;
		};
/* End PBXShellScriptBuildPhase section */

/* Begin PBXSourcesBuildPhase section */
		225C18151DE538630006E773 /* Sources */ = {
			isa = PBXSourcesBuildPhase;
			buildActionMask = 2147483647;
			files = (
				225C18251DE538A20006E773 /* SBNoteTests.m in Sources */,
				22BE00461E0B9B3500C4BA4D /* SBRandomNoteGeneratorTests.m in Sources */,
				225C181C1DE538630006E773 /* SBMusicUtilitiesTests.m in Sources */,
				22BE00471E0B9BA800C4BA4D /* SBRandomNoteGenerator.m in Sources */,
				225C18261DE538AB0006E773 /* SBNote.m in Sources */,
			);
			runOnlyForDeploymentPostprocessing = 0;
		};
		22FB657A1CA4C07600185053 /* Sources */ = {
			isa = PBXSourcesBuildPhase;
			buildActionMask = 2147483647;
			files = (
				22444DC11CAAFC13002AFA3F /* SBCircularFloat.m in Sources */,
				22444DC51CAAFC32002AFA3F /* SBCircular.m in Sources */,
				22FB65921CA4FD2100185053 /* SBPlayableNote.m in Sources */,
				22444DB91CAAFB38002AFA3F /* SBPitchEstimator.m in Sources */,
				22444DBD1CAAFBCC002AFA3F /* SBMath.m in Sources */,
				22FB658E1CA4FD0F00185053 /* SBAudioPlayer.m in Sources */,
				22059F4C1CA50A690016E205 /* SBRandomNoteGenerator.m in Sources */,
				22FB65961CA4FD6900185053 /* SBNote.m in Sources */,
			);
			runOnlyForDeploymentPostprocessing = 0;
		};
/* End PBXSourcesBuildPhase section */

/* Begin PBXTargetDependency section */
		225C18201DE538630006E773 /* PBXTargetDependency */ = {
			isa = PBXTargetDependency;
			target = 22FB657E1CA4C07600185053 /* SBMusicUtilities */;
			targetProxy = 225C181F1DE538630006E773 /* PBXContainerItemProxy */;
		};
/* End PBXTargetDependency section */

/* Begin PBXVariantGroup section */
		226AC3A91D987895007CA381 /* Localizable.strings */ = {
			isa = PBXVariantGroup;
			children = (
				226AC3A81D987895007CA381 /* en */,
				226AC3AA1D9878B9007CA381 /* de */,
				224518791D9C65D300B98371 /* zh-Hans */,
			);
			name = Localizable.strings;
			sourceTree = "<group>";
		};
/* End PBXVariantGroup section */

/* Begin XCBuildConfiguration section */
		225C18211DE538630006E773 /* Debug */ = {
			isa = XCBuildConfiguration;
			baseConfigurationReference = BD4EDF7AC879A84303BE9325 /* Pods-SBMusicUtilitiesTests.debug.xcconfig */;
			buildSettings = {
				CLANG_ALLOW_NON_MODULAR_INCLUDES_IN_FRAMEWORK_MODULES = YES;
				CLANG_ANALYZER_NONNULL = YES;
				CLANG_WARN_DOCUMENTATION_COMMENTS = YES;
				CLANG_WARN_SUSPICIOUS_MOVES = YES;
				DEVELOPMENT_TEAM = 2VJY2AJVXJ;
				INFOPLIST_FILE = SBMusicUtilitiesTests/Info.plist;
				IPHONEOS_DEPLOYMENT_TARGET = 9.0;
				LD_RUNPATH_SEARCH_PATHS = "$(inherited) @executable_path/Frameworks @loader_path/Frameworks";
				PRODUCT_BUNDLE_IDENTIFIER = com.sambender.SBMusicUtilitiesTests;
				PRODUCT_NAME = "$(TARGET_NAME)";
			};
			name = Debug;
		};
		225C18221DE538630006E773 /* Release */ = {
			isa = XCBuildConfiguration;
			baseConfigurationReference = 557A9C05072A053818C78071 /* Pods-SBMusicUtilitiesTests.release.xcconfig */;
			buildSettings = {
				CLANG_ALLOW_NON_MODULAR_INCLUDES_IN_FRAMEWORK_MODULES = YES;
				CLANG_ANALYZER_NONNULL = YES;
				CLANG_WARN_DOCUMENTATION_COMMENTS = YES;
				CLANG_WARN_SUSPICIOUS_MOVES = YES;
				DEVELOPMENT_TEAM = 2VJY2AJVXJ;
				INFOPLIST_FILE = SBMusicUtilitiesTests/Info.plist;
				IPHONEOS_DEPLOYMENT_TARGET = 9.0;
				LD_RUNPATH_SEARCH_PATHS = "$(inherited) @executable_path/Frameworks @loader_path/Frameworks";
				PRODUCT_BUNDLE_IDENTIFIER = com.sambender.SBMusicUtilitiesTests;
				PRODUCT_NAME = "$(TARGET_NAME)";
			};
			name = Release;
		};
		22FB65851CA4C07600185053 /* Debug */ = {
			isa = XCBuildConfiguration;
			buildSettings = {
				ALWAYS_SEARCH_USER_PATHS = NO;
				CLANG_ANALYZER_LOCALIZABILITY_NONLOCALIZED = YES;
				CLANG_CXX_LANGUAGE_STANDARD = "gnu++0x";
				CLANG_CXX_LIBRARY = "libc++";
				CLANG_ENABLE_MODULES = YES;
				CLANG_ENABLE_OBJC_ARC = YES;
				CLANG_WARN_BOOL_CONVERSION = YES;
				CLANG_WARN_CONSTANT_CONVERSION = YES;
				CLANG_WARN_DIRECT_OBJC_ISA_USAGE = YES_ERROR;
				CLANG_WARN_EMPTY_BODY = YES;
				CLANG_WARN_ENUM_CONVERSION = YES;
				CLANG_WARN_INFINITE_RECURSION = YES;
				CLANG_WARN_INT_CONVERSION = YES;
				CLANG_WARN_OBJC_ROOT_CLASS = YES_ERROR;
				CLANG_WARN_SUSPICIOUS_MOVE = YES;
				CLANG_WARN_UNREACHABLE_CODE = YES;
				CLANG_WARN__DUPLICATE_METHOD_MATCH = YES;
				"CODE_SIGN_IDENTITY[sdk=iphoneos*]" = "iPhone Developer";
				COPY_PHASE_STRIP = NO;
				CURRENT_PROJECT_VERSION = 1;
				DEBUG_INFORMATION_FORMAT = dwarf;
				ENABLE_STRICT_OBJC_MSGSEND = YES;
				ENABLE_TESTABILITY = YES;
				GCC_C_LANGUAGE_STANDARD = gnu99;
				GCC_DYNAMIC_NO_PIC = NO;
				GCC_NO_COMMON_BLOCKS = YES;
				GCC_OPTIMIZATION_LEVEL = 0;
				GCC_PREPROCESSOR_DEFINITIONS = (
					"DEBUG=1",
					"$(inherited)",
				);
				GCC_WARN_64_TO_32_BIT_CONVERSION = YES;
				GCC_WARN_ABOUT_RETURN_TYPE = YES_ERROR;
				GCC_WARN_UNDECLARED_SELECTOR = YES;
				GCC_WARN_UNINITIALIZED_AUTOS = YES_AGGRESSIVE;
				GCC_WARN_UNUSED_FUNCTION = YES;
				GCC_WARN_UNUSED_VARIABLE = YES;
				IPHONEOS_DEPLOYMENT_TARGET = 9.0;
				MTL_ENABLE_DEBUG_INFO = YES;
				ONLY_ACTIVE_ARCH = YES;
				SDKROOT = iphoneos;
				TARGETED_DEVICE_FAMILY = "1,2";
				VERSIONING_SYSTEM = "apple-generic";
				VERSION_INFO_PREFIX = "";
			};
			name = Debug;
		};
		22FB65861CA4C07600185053 /* Release */ = {
			isa = XCBuildConfiguration;
			buildSettings = {
				ALWAYS_SEARCH_USER_PATHS = NO;
				CLANG_ANALYZER_LOCALIZABILITY_NONLOCALIZED = YES;
				CLANG_CXX_LANGUAGE_STANDARD = "gnu++0x";
				CLANG_CXX_LIBRARY = "libc++";
				CLANG_ENABLE_MODULES = YES;
				CLANG_ENABLE_OBJC_ARC = YES;
				CLANG_WARN_BOOL_CONVERSION = YES;
				CLANG_WARN_CONSTANT_CONVERSION = YES;
				CLANG_WARN_DIRECT_OBJC_ISA_USAGE = YES_ERROR;
				CLANG_WARN_EMPTY_BODY = YES;
				CLANG_WARN_ENUM_CONVERSION = YES;
				CLANG_WARN_INFINITE_RECURSION = YES;
				CLANG_WARN_INT_CONVERSION = YES;
				CLANG_WARN_OBJC_ROOT_CLASS = YES_ERROR;
				CLANG_WARN_SUSPICIOUS_MOVE = YES;
				CLANG_WARN_UNREACHABLE_CODE = YES;
				CLANG_WARN__DUPLICATE_METHOD_MATCH = YES;
				"CODE_SIGN_IDENTITY[sdk=iphoneos*]" = "iPhone Developer";
				COPY_PHASE_STRIP = NO;
				CURRENT_PROJECT_VERSION = 1;
				DEBUG_INFORMATION_FORMAT = "dwarf-with-dsym";
				ENABLE_NS_ASSERTIONS = NO;
				ENABLE_STRICT_OBJC_MSGSEND = YES;
				GCC_C_LANGUAGE_STANDARD = gnu99;
				GCC_NO_COMMON_BLOCKS = YES;
				GCC_WARN_64_TO_32_BIT_CONVERSION = YES;
				GCC_WARN_ABOUT_RETURN_TYPE = YES_ERROR;
				GCC_WARN_UNDECLARED_SELECTOR = YES;
				GCC_WARN_UNINITIALIZED_AUTOS = YES_AGGRESSIVE;
				GCC_WARN_UNUSED_FUNCTION = YES;
				GCC_WARN_UNUSED_VARIABLE = YES;
				IPHONEOS_DEPLOYMENT_TARGET = 9.0;
				MTL_ENABLE_DEBUG_INFO = NO;
				SDKROOT = iphoneos;
				TARGETED_DEVICE_FAMILY = "1,2";
				VALIDATE_PRODUCT = YES;
				VERSIONING_SYSTEM = "apple-generic";
				VERSION_INFO_PREFIX = "";
			};
			name = Release;
		};
		22FB65881CA4C07600185053 /* Debug */ = {
			isa = XCBuildConfiguration;
			baseConfigurationReference = 8AB6169222179C808A19A5FC /* Pods-SBMusicUtilities.debug.xcconfig */;
			buildSettings = {
				"CODE_SIGN_IDENTITY[sdk=iphoneos*]" = "";
				DEFINES_MODULE = YES;
				DYLIB_COMPATIBILITY_VERSION = 1;
				DYLIB_CURRENT_VERSION = 1;
				DYLIB_INSTALL_NAME_BASE = "@rpath";
				INFOPLIST_FILE = SBMusicUtilities/Info.plist;
				INSTALL_PATH = "$(LOCAL_LIBRARY_DIR)/Frameworks";
				LD_RUNPATH_SEARCH_PATHS = "$(inherited) @executable_path/Frameworks @loader_path/Frameworks";
				PRODUCT_BUNDLE_IDENTIFIER = com.sambender.SBMusicUtilities;
				PRODUCT_NAME = "$(TARGET_NAME)";
				SKIP_INSTALL = YES;
			};
			name = Debug;
		};
		22FB65891CA4C07600185053 /* Release */ = {
			isa = XCBuildConfiguration;
			baseConfigurationReference = 4ED1D8C6DBD75975FD6055DA /* Pods-SBMusicUtilities.release.xcconfig */;
			buildSettings = {
				"CODE_SIGN_IDENTITY[sdk=iphoneos*]" = "";
				DEFINES_MODULE = YES;
				DYLIB_COMPATIBILITY_VERSION = 1;
				DYLIB_CURRENT_VERSION = 1;
				DYLIB_INSTALL_NAME_BASE = "@rpath";
				INFOPLIST_FILE = SBMusicUtilities/Info.plist;
				INSTALL_PATH = "$(LOCAL_LIBRARY_DIR)/Frameworks";
				LD_RUNPATH_SEARCH_PATHS = "$(inherited) @executable_path/Frameworks @loader_path/Frameworks";
				PRODUCT_BUNDLE_IDENTIFIER = com.sambender.SBMusicUtilities;
				PRODUCT_NAME = "$(TARGET_NAME)";
				SKIP_INSTALL = YES;
			};
			name = Release;
		};
/* End XCBuildConfiguration section */

/* Begin XCConfigurationList section */
		225C18231DE538630006E773 /* Build configuration list for PBXNativeTarget "SBMusicUtilitiesTests" */ = {
			isa = XCConfigurationList;
			buildConfigurations = (
				225C18211DE538630006E773 /* Debug */,
				225C18221DE538630006E773 /* Release */,
			);
			defaultConfigurationIsVisible = 0;
			defaultConfigurationName = Release;
		};
		22FB65791CA4C07600185053 /* Build configuration list for PBXProject "SBMusicUtilities" */ = {
			isa = XCConfigurationList;
			buildConfigurations = (
				22FB65851CA4C07600185053 /* Debug */,
				22FB65861CA4C07600185053 /* Release */,
			);
			defaultConfigurationIsVisible = 0;
			defaultConfigurationName = Release;
		};
		22FB65871CA4C07600185053 /* Build configuration list for PBXNativeTarget "SBMusicUtilities" */ = {
			isa = XCConfigurationList;
			buildConfigurations = (
				22FB65881CA4C07600185053 /* Debug */,
				22FB65891CA4C07600185053 /* Release */,
			);
			defaultConfigurationIsVisible = 0;
			defaultConfigurationName = Release;
		};
/* End XCConfigurationList section */
	};
	rootObject = 22FB65761CA4C07600185053 /* Project object */;
}
